
Microsoft Visual Studio Solution File, Format Version 12.00
# Visual Studio Version 16
VisualStudioVersion = 16.0.29728.190
MinimumVisualStudioVersion = 10.0.40219.1
Project("{9A19103F-16F7-4668-BE54-9A1E7A4F7556}") = "MediaSever", "MediaSever\MediaSever.csproj", "{3CF9F689-8ECE-4A7F-AAF5-83A67A4393F7}"
EndProject
Project("{9A19103F-16F7-4668-BE54-9A1E7A4F7556}") = "WebServer", "WebServer\WebServer.csproj", "{364E8685-509B-4118-949C-1F5104ADF334}"
EndProject
Project("{FAE04EC0-301F-11D3-BF4B-00C04F79EFBC}") = "WebMediaLink", "WebMediaLink\WebMediaLink.csproj", "{86C46ED4-0D08-4376-8D5E-3F9A54565FCF}"
EndProject
Global
	GlobalSection(SolutionConfigurationPlatforms) = preSolution
		Debug|Any CPU = Debug|Any CPU
		Release|Any CPU = Release|Any CPU
	EndGlobalSection
	GlobalSection(ProjectConfigurationPlatforms) = postSolution
		{3CF9F689-8ECE-4A7F-AAF5-83A67A4393F7}.Debug|Any CPU.ActiveCfg = Debug|Any CPU
		{3CF9F689-8ECE-4A7F-AAF5-83A67A4393F7}.Debug|Any CPU.Build.0 = Debug|Any CPU
		{3CF9F689-8ECE-4A7F-AAF5-83A67A4393F7}.Release|Any CPU.ActiveCfg = Release|Any CPU
		{3CF9F689-8ECE-4A7F-AAF5-83A67A4393F7}.Release|Any CPU.Build.0 = Release|Any CPU
		{364E8685-509B-4118-949C-1F5104ADF334}.Debug|Any CPU.ActiveCfg = Debug|Any CPU
		{364E8685-509B-4118-949C-1F5104ADF334}.Debug|Any CPU.Build.0 = Debug|Any CPU
		{364E8685-509B-4118-949C-1F5104ADF334}.Release|Any CPU.ActiveCfg = Release|Any CPU
		{364E8685-509B-4118-949C-1F5104ADF334}.Release|Any CPU.Build.0 = Release|Any CPU
		{86C46ED4-0D08-4376-8D5E-3F9A54565FCF}.Debug|Any CPU.ActiveCfg = Debug|Any CPU
		{86C46ED4-0D08-4376-8D5E-3F9A54565FCF}.Debug|Any CPU.Build.0 = Debug|Any CPU
		{86C46ED4-0D08-4376-8D5E-3F9A54565FCF}.Release|Any CPU.ActiveCfg = Release|Any CPU
		{86C46ED4-0D08-4376-8D5E-3F9A54565FCF}.Release|Any CPU.Build.0 = Release|Any CPU
	EndGlobalSection
	GlobalSection(SolutionProperties) = preSolution
		HideSolutionNode = FALSE
	EndGlobalSection
	GlobalSection(ExtensibilityGlobals) = postSolution
		SolutionGuid = {44E656C6-1E9D-4BE7-BA3E-EAD7799C5680}
	EndGlobalSection
EndGlobal
